
Microsoft Visual Studio Solution File, Format Version 12.00
# Visual Studio Version 17
VisualStudioVersion = 17.7.34031.279
MinimumVisualStudioVersion = 10.0.40219.1
Project("{FAE04EC0-301F-11D3-BF4B-00C04F79EFBC}") = "SpilPlatform", "SpilPlatform\SpilPlatform.csproj", "{6B7B5485-D8BD-438A-A71C-D6E27594C39A}"
EndProject
Global
	GlobalSection(SolutionConfigurationPlatforms) = preSolution
		Debug|Any CPU = Debug|Any CPU
		Release|Any CPU = Release|Any CPU
	EndGlobalSection
	GlobalSection(ProjectConfigurationPlatforms) = postSolution
		{6B7B5485-D8BD-438A-A71C-D6E27594C39A}.Debug|Any CPU.ActiveCfg = Debug|Any CPU
		{6B7B5485-D8BD-438A-A71C-D6E27594C39A}.Debug|Any CPU.Build.0 = Debug|Any CPU
		{6B7B5485-D8BD-438A-A71C-D6E27594C39A}.Debug|Any CPU.Deploy.0 = Debug|Any CPU
		{6B7B5485-D8BD-438A-A71C-D6E27594C39A}.Release|Any CPU.ActiveCfg = Release|Any CPU
		{6B7B5485-D8BD-438A-A71C-D6E27594C39A}.Release|Any CPU.Build.0 = Release|Any CPU
		{6B7B5485-D8BD-438A-A71C-D6E27594C39A}.Release|Any CPU.Deploy.0 = Release|Any CPU
	EndGlobalSection
	GlobalSection(SolutionProperties) = preSolution
		HideSolutionNode = FALSE
	EndGlobalSection
	GlobalSection(ExtensibilityGlobals) = postSolution
		SolutionGuid = {872AFD67-38E0-437A-8D5A-6AED87B9BBE7}
	EndGlobalSection
EndGlobal
